
Microsoft Visual Studio Solution File, Format Version 12.00
# Visual Studio 15
VisualStudioVersion = 15.0.28307.1433
MinimumVisualStudioVersion = 10.0.40219.1
Project("{FAE04EC0-301F-11D3-BF4B-00C04F79EFBC}") = "SQLITEFTS", "SQLITEFTS\SQLITEFTS.csproj", "{0E4E6DE4-3691-439B-AFC5-6829EC76B942}"
EndProject
Global
	GlobalSection(SolutionConfigurationPlatforms) = preSolution
		Debug|Any CPU = Debug|Any CPU
		Release|Any CPU = Release|Any CPU
	EndGlobalSection
	GlobalSection(ProjectConfigurationPlatforms) = postSolution
		{0E4E6DE4-3691-439B-AFC5-6829EC76B942}.Debug|Any CPU.ActiveCfg = Debug|Any CPU
		{0E4E6DE4-3691-439B-AFC5-6829EC76B942}.Debug|Any CPU.Build.0 = Debug|Any CPU
		{0E4E6DE4-3691-439B-AFC5-6829EC76B942}.Release|Any CPU.ActiveCfg = Release|Any CPU
		{0E4E6DE4-3691-439B-AFC5-6829EC76B942}.Release|Any CPU.Build.0 = Release|Any CPU
	EndGlobalSection
	GlobalSection(SolutionProperties) = preSolution
		HideSolutionNode = FALSE
	EndGlobalSection
	GlobalSection(ExtensibilityGlobals) = postSolution
		SolutionGuid = {8D0FB649-B8C3-491D-9870-09706162DF46}
	EndGlobalSection
EndGlobal
